{
    "version": 3,
    "terraform_version": "0.11.11",
    "serial": 26,
    "lineage": "ef86f076-51f8-b88e-5445-24d9dd3ba501",
    "modules": [
        {
            "path": [
                "root"
            ],
            "outputs": {},
            "resources": {
                "aws_autoscaling_group.ASG.0": {
                    "type": "aws_autoscaling_group",
                    "depends_on": [
                        "aws_launch_configuration.LC"
                    ],
                    "primary": {
                        "id": "nv-dev-core-LC-11FEB2019-asg",
                        "attributes": {
                            "arn": "arn:aws:autoscaling:us-east-2:748018490084:autoScalingGroup:7dc04a92-7aa5-4f0c-96ea-6fcfcb58e69c:autoScalingGroupName/nv-dev-core-LC-11FEB2019-asg",
                            "availability_zones.#": "1",
                            "availability_zones.299896180": "us-east-2c",
                            "default_cooldown": "300",
                            "desired_capacity": "1",
                            "enabled_metrics.#": "0",
                            "force_delete": "false",
                            "health_check_grace_period": "300",
                            "health_check_type": "EC2",
                            "id": "nv-dev-core-LC-11FEB2019-asg",
                            "launch_configuration": "nv-dev-core-LC-11FEB2019",
                            "launch_template.#": "0",
                            "load_balancers.#": "1",
                            "load_balancers.2852950898": "nv-dev-core-lb",
                            "max_size": "1",
                            "metrics_granularity": "1Minute",
                            "min_size": "1",
                            "mixed_instances_policy.#": "0",
                            "name": "nv-dev-core-LC-11FEB2019-asg",
                            "placement_group": "",
                            "protect_from_scale_in": "false",
                            "service_linked_role_arn": "arn:aws:iam::748018490084:role/aws-service-role/autoscaling.amazonaws.com/AWSServiceRoleForAutoScaling",
                            "suspended_processes.#": "0",
                            "tag.#": "1",
                            "tag.4277855628.key": "Name",
                            "tag.4277855628.propagate_at_launch": "true",
                            "tag.4277855628.value": "nv-dev-core-LC-11FEB2019-instance",
                            "target_group_arns.#": "0",
                            "termination_policies.#": "1",
                            "termination_policies.0": "OldestInstance",
                            "vpc_zone_identifier.#": "1",
                            "vpc_zone_identifier.2995681859": "subnet-0f8f5e43",
                            "wait_for_capacity_timeout": "10m"
                        },
                        "meta": {
                            "e2bfb730-ecaa-11e6-8f88-34363bc7c4c0": {
                                "delete": 600000000000
                            }
                        },
                        "tainted": false
                    },
                    "deposed": [],
                    "provider": "provider.aws"
                },
                "aws_autoscaling_group.ASG.1": {
                    "type": "aws_autoscaling_group",
                    "depends_on": [
                        "aws_launch_configuration.LC"
                    ],
                    "primary": {
                        "id": "nv-dev-watermark-LC-11FEB2019-asg",
                        "attributes": {
                            "arn": "arn:aws:autoscaling:us-east-2:748018490084:autoScalingGroup:f194e33a-191a-44b5-896d-3088fbac4bda:autoScalingGroupName/nv-dev-watermark-LC-11FEB2019-asg",
                            "availability_zones.#": "1",
                            "availability_zones.299896180": "us-east-2c",
                            "default_cooldown": "300",
                            "desired_capacity": "1",
                            "enabled_metrics.#": "0",
                            "force_delete": "false",
                            "health_check_grace_period": "300",
                            "health_check_type": "EC2",
                            "id": "nv-dev-watermark-LC-11FEB2019-asg",
                            "launch_configuration": "nv-dev-watermark-LC-11FEB2019",
                            "launch_template.#": "0",
                            "load_balancers.#": "1",
                            "load_balancers.2129690764": "nv-dev-watermark-lb",
                            "max_size": "1",
                            "metrics_granularity": "1Minute",
                            "min_size": "1",
                            "mixed_instances_policy.#": "0",
                            "name": "nv-dev-watermark-LC-11FEB2019-asg",
                            "placement_group": "",
                            "protect_from_scale_in": "false",
                            "service_linked_role_arn": "arn:aws:iam::748018490084:role/aws-service-role/autoscaling.amazonaws.com/AWSServiceRoleForAutoScaling",
                            "suspended_processes.#": "0",
                            "tag.#": "1",
                            "tag.3782604477.key": "Name",
                            "tag.3782604477.propagate_at_launch": "true",
                            "tag.3782604477.value": "nv-dev-watermark-LC-11FEB2019-instance",
                            "target_group_arns.#": "0",
                            "termination_policies.#": "1",
                            "termination_policies.0": "OldestInstance",
                            "vpc_zone_identifier.#": "1",
                            "vpc_zone_identifier.2995681859": "subnet-0f8f5e43",
                            "wait_for_capacity_timeout": "10m"
                        },
                        "meta": {
                            "e2bfb730-ecaa-11e6-8f88-34363bc7c4c0": {
                                "delete": 600000000000
                            }
                        },
                        "tainted": false
                    },
                    "deposed": [],
                    "provider": "provider.aws"
                },
                "aws_autoscaling_group.ASG.2": {
                    "type": "aws_autoscaling_group",
                    "depends_on": [
                        "aws_launch_configuration.LC"
                    ],
                    "primary": {
                        "id": "nv-dev-taskrunner-LC-11FEB2019-asg",
                        "attributes": {
                            "arn": "arn:aws:autoscaling:us-east-2:748018490084:autoScalingGroup:efb9f1cc-bf90-48a9-ab0f-b553469142a4:autoScalingGroupName/nv-dev-taskrunner-LC-11FEB2019-asg",
                            "availability_zones.#": "1",
                            "availability_zones.299896180": "us-east-2c",
                            "default_cooldown": "300",
                            "desired_capacity": "1",
                            "enabled_metrics.#": "0",
                            "force_delete": "false",
                            "health_check_grace_period": "300",
                            "health_check_type": "EC2",
                            "id": "nv-dev-taskrunner-LC-11FEB2019-asg",
                            "launch_configuration": "nv-dev-taskrunner-LC-11FEB2019",
                            "launch_template.#": "0",
                            "load_balancers.#": "1",
                            "load_balancers.4050742007": "nv-dev-taskrunner-lb",
                            "max_size": "1",
                            "metrics_granularity": "1Minute",
                            "min_size": "1",
                            "mixed_instances_policy.#": "0",
                            "name": "nv-dev-taskrunner-LC-11FEB2019-asg",
                            "placement_group": "",
                            "protect_from_scale_in": "false",
                            "service_linked_role_arn": "arn:aws:iam::748018490084:role/aws-service-role/autoscaling.amazonaws.com/AWSServiceRoleForAutoScaling",
                            "suspended_processes.#": "0",
                            "tag.#": "1",
                            "tag.4052041496.key": "Name",
                            "tag.4052041496.propagate_at_launch": "true",
                            "tag.4052041496.value": "nv-dev-taskrunner-LC-11FEB2019-instance",
                            "target_group_arns.#": "0",
                            "termination_policies.#": "1",
                            "termination_policies.0": "OldestInstance",
                            "vpc_zone_identifier.#": "1",
                            "vpc_zone_identifier.2995681859": "subnet-0f8f5e43",
                            "wait_for_capacity_timeout": "10m"
                        },
                        "meta": {
                            "e2bfb730-ecaa-11e6-8f88-34363bc7c4c0": {
                                "delete": 600000000000
                            }
                        },
                        "tainted": false
                    },
                    "deposed": [],
                    "provider": "provider.aws"
                },
                "aws_launch_configuration.LC.0": {
                    "type": "aws_launch_configuration",
                    "depends_on": [],
                    "primary": {
                        "id": "nv-dev-core-LC-11FEB2019",
                        "attributes": {
                            "associate_public_ip_address": "false",
                            "ebs_block_device.#": "0",
                            "ebs_optimized": "false",
                            "enable_monitoring": "true",
                            "ephemeral_block_device.#": "0",
                            "iam_instance_profile": "",
                            "id": "nv-dev-core-LC-11FEB2019",
                            "image_id": "ami-0cd3dfa4e37921605",
                            "instance_type": "t2.micro",
                            "key_name": "",
                            "name": "nv-dev-core-LC-11FEB2019",
                            "root_block_device.#": "0",
                            "security_groups.#": "1",
                            "security_groups.3344333489": "sg-a13679ce",
                            "spot_price": "",
                            "user_data": "558e89ede090f81a85ec9b5030c889cced21ed4b",
                            "vpc_classic_link_id": "",
                            "vpc_classic_link_security_groups.#": "0"
                        },
                        "meta": {},
                        "tainted": false
                    },
                    "deposed": [],
                    "provider": "provider.aws"
                },
                "aws_launch_configuration.LC.1": {
                    "type": "aws_launch_configuration",
                    "depends_on": [],
                    "primary": {
                        "id": "nv-dev-watermark-LC-11FEB2019",
                        "attributes": {
                            "associate_public_ip_address": "false",
                            "ebs_block_device.#": "0",
                            "ebs_optimized": "false",
                            "enable_monitoring": "true",
                            "ephemeral_block_device.#": "0",
                            "iam_instance_profile": "",
                            "id": "nv-dev-watermark-LC-11FEB2019",
                            "image_id": "ami-0cd3dfa4e37921605",
                            "instance_type": "t2.micro",
                            "key_name": "",
                            "name": "nv-dev-watermark-LC-11FEB2019",
                            "root_block_device.#": "0",
                            "security_groups.#": "1",
                            "security_groups.3344333489": "sg-a13679ce",
                            "spot_price": "",
                            "user_data": "558e89ede090f81a85ec9b5030c889cced21ed4b",
                            "vpc_classic_link_id": "",
                            "vpc_classic_link_security_groups.#": "0"
                        },
                        "meta": {},
                        "tainted": false
                    },
                    "deposed": [],
                    "provider": "provider.aws"
                },
                "aws_launch_configuration.LC.2": {
                    "type": "aws_launch_configuration",
                    "depends_on": [],
                    "primary": {
                        "id": "nv-dev-taskrunner-LC-11FEB2019",
                        "attributes": {
                            "associate_public_ip_address": "false",
                            "ebs_block_device.#": "0",
                            "ebs_optimized": "false",
                            "enable_monitoring": "true",
                            "ephemeral_block_device.#": "0",
                            "iam_instance_profile": "",
                            "id": "nv-dev-taskrunner-LC-11FEB2019",
                            "image_id": "ami-0cd3dfa4e37921605",
                            "instance_type": "t2.micro",
                            "key_name": "",
                            "name": "nv-dev-taskrunner-LC-11FEB2019",
                            "root_block_device.#": "0",
                            "security_groups.#": "1",
                            "security_groups.3344333489": "sg-a13679ce",
                            "spot_price": "",
                            "user_data": "558e89ede090f81a85ec9b5030c889cced21ed4b",
                            "vpc_classic_link_id": "",
                            "vpc_classic_link_security_groups.#": "0"
                        },
                        "meta": {},
                        "tainted": false
                    },
                    "deposed": [],
                    "provider": "provider.aws"
                }
            },
            "depends_on": []
        }
    ]
}
